
Microsoft Visual Studio Solution File, Format Version 12.00
# Visual Studio Version 16
VisualStudioVersion = 16.0.30907.101
MinimumVisualStudioVersion = 10.0.40219.1
Project("{9A19103F-16F7-4668-BE54-9A1E7A4F7556}") = "DataAccess", "DataAccess\DataAccess.csproj", "{D4B2BF58-CA18-41EA-AE78-EEAF8916CBBE}"
EndProject
Project("{9A19103F-16F7-4668-BE54-9A1E7A4F7556}") = "Business", "Business\Business.csproj", "{77952DEE-F31E-4943-AB92-700181756689}"
EndProject
Project("{9A19103F-16F7-4668-BE54-9A1E7A4F7556}") = "Entities", "Entities\Entities.csproj", "{6E677850-3799-459C-A7B3-AE1FC7258D29}"
EndProject
Project("{9A19103F-16F7-4668-BE54-9A1E7A4F7556}") = "ConsoleUI", "ConsoleUI\ConsoleUI.csproj", "{ABB3A3AF-22AE-4253-890D-2CBC0514CC2C}"
EndProject
Project("{9A19103F-16F7-4668-BE54-9A1E7A4F7556}") = "Core", "Core\Core.csproj", "{315A9524-4D27-4373-BC7B-652C743EEA5E}"
EndProject
Project("{FAE04EC0-301F-11D3-BF4B-00C04F79EFBC}") = "WebAPI", "WebAPI\WebAPI.csproj", "{4F827F28-5531-4281-8D45-6CC31E75135D}"
EndProject
Global
	GlobalSection(SolutionConfigurationPlatforms) = preSolution
		Debug|Any CPU = Debug|Any CPU
		Release|Any CPU = Release|Any CPU
	EndGlobalSection
	GlobalSection(ProjectConfigurationPlatforms) = postSolution
		{D4B2BF58-CA18-41EA-AE78-EEAF8916CBBE}.Debug|Any CPU.ActiveCfg = Debug|Any CPU
		{D4B2BF58-CA18-41EA-AE78-EEAF8916CBBE}.Debug|Any CPU.Build.0 = Debug|Any CPU
		{D4B2BF58-CA18-41EA-AE78-EEAF8916CBBE}.Release|Any CPU.ActiveCfg = Release|Any CPU
		{D4B2BF58-CA18-41EA-AE78-EEAF8916CBBE}.Release|Any CPU.Build.0 = Release|Any CPU
		{77952DEE-F31E-4943-AB92-700181756689}.Debug|Any CPU.ActiveCfg = Debug|Any CPU
		{77952DEE-F31E-4943-AB92-700181756689}.Debug|Any CPU.Build.0 = Debug|Any CPU
		{77952DEE-F31E-4943-AB92-700181756689}.Release|Any CPU.ActiveCfg = Release|Any CPU
		{77952DEE-F31E-4943-AB92-700181756689}.Release|Any CPU.Build.0 = Release|Any CPU
		{6E677850-3799-459C-A7B3-AE1FC7258D29}.Debug|Any CPU.ActiveCfg = Debug|Any CPU
		{6E677850-3799-459C-A7B3-AE1FC7258D29}.Debug|Any CPU.Build.0 = Debug|Any CPU
		{6E677850-3799-459C-A7B3-AE1FC7258D29}.Release|Any CPU.ActiveCfg = Release|Any CPU
		{6E677850-3799-459C-A7B3-AE1FC7258D29}.Release|Any CPU.Build.0 = Release|Any CPU
		{ABB3A3AF-22AE-4253-890D-2CBC0514CC2C}.Debug|Any CPU.ActiveCfg = Debug|Any CPU
		{ABB3A3AF-22AE-4253-890D-2CBC0514CC2C}.Debug|Any CPU.Build.0 = Debug|Any CPU
		{ABB3A3AF-22AE-4253-890D-2CBC0514CC2C}.Release|Any CPU.ActiveCfg = Release|Any CPU
		{ABB3A3AF-22AE-4253-890D-2CBC0514CC2C}.Release|Any CPU.Build.0 = Release|Any CPU
		{315A9524-4D27-4373-BC7B-652C743EEA5E}.Debug|Any CPU.ActiveCfg = Debug|Any CPU
		{315A9524-4D27-4373-BC7B-652C743EEA5E}.Debug|Any CPU.Build.0 = Debug|Any CPU
		{315A9524-4D27-4373-BC7B-652C743EEA5E}.Release|Any CPU.ActiveCfg = Release|Any CPU
		{315A9524-4D27-4373-BC7B-652C743EEA5E}.Release|Any CPU.Build.0 = Release|Any CPU
		{4F827F28-5531-4281-8D45-6CC31E75135D}.Debug|Any CPU.ActiveCfg = Debug|Any CPU
		{4F827F28-5531-4281-8D45-6CC31E75135D}.Debug|Any CPU.Build.0 = Debug|Any CPU
		{4F827F28-5531-4281-8D45-6CC31E75135D}.Release|Any CPU.ActiveCfg = Release|Any CPU
		{4F827F28-5531-4281-8D45-6CC31E75135D}.Release|Any CPU.Build.0 = Release|Any CPU
	EndGlobalSection
	GlobalSection(SolutionProperties) = preSolution
		HideSolutionNode = FALSE
	EndGlobalSection
	GlobalSection(ExtensibilityGlobals) = postSolution
		SolutionGuid = {49F6A137-FF64-412D-A5BA-3DB105D9C8B8}
	EndGlobalSection
EndGlobal
